{
    "_meta": {
        "hash": {
            "sha256": "d141435cb6f291f4e210919405c07fb964f2104987330ea3f104adf894b31f06"
        },
        "pipfile-spec": 6,
        "requires": {
            "python_version": "3.7"
        },
        "sources": [
            {
                "name": "pypi",
                "url": "https://pypi.org/simple",
                "verify_ssl": true
            }
        ]
    },
    "default": {
        "docutils": {
            "hashes": [
                "sha256:02aec4bd92ab067f6ff27a38a38a41173bf01bed8f89157768c1573f53e474a6",
                "sha256:51e64ef2ebfb29cae1faa133b3710143496eca21c530f3f71424d77687764274",
                "sha256:7a4bd47eaf6596e1295ecb11361139febe29b084a87bf005bf899f9a42edc3c6"
            ],
            "index": "pypi",
            "version": "==0.14"
        },
        "kivy-deps-glew": {
            "hashes": [
                "sha256:747c5b3b20383f9a35d63f09f343b068f769ec8ff25912406d74baf97051a9ae",
                "sha256:793a4592ac992701c21b496575758ae7e628600eaddc43e636bdded6a60db050",
                "sha256:7efe41c01bf694b7237a8ae844f74bc842c60378c30e2db116ba134b8346bd29",
                "sha256:81ba172dd00e8f21b474b93b435f36f080f8f8465bc8bf1a6a2e04dc8c644de2",
                "sha256:b13daeb1dc96e209e356e97fac8cd13eb6b813c38f1548b49e1cf47134b3900c",
                "sha256:b42a0ac3e9dfcd8f678e943a48ebdefc56bb19964e9aff22b95bf2ea81c33279",
                "sha256:e61af501770ed4438b2a9325efb84205039314e1f11f4bc4ea642168ab6b6a3f",
                "sha256:e97c0c0e13bb1b1041674162cc772844fbb63978d6cb2d6887c54d675114a745"
            ],
            "index": "pypi",
            "version": "==0.1.10"
        },
        "kivy-deps-sdl2": {
            "hashes": [
                "sha256:03002adad9b5b9c8b84b1b0c917a7d7982dc45ed0221d46010ceea240652cce9",
                "sha256:0d921667351736ebeb18e79fc507ec455157082c5dc419fb008e5b21cf06e4b2",
                "sha256:1e35689b767539487f3379c8cbc2c53f8053545045a721f7c2afabf7ba4b2a9b",
                "sha256:30a6b1b97a1b098ae5dcc412c3a5f192653ab46030e45c80379c0ff64936bf3e",
                "sha256:7a3e26de653ac581be4ca17955c7aebb4ebae76d0e5797fe827f032da3ac707b",
                "sha256:df9449d01f06465e7adaca860cc0ae040399d73c0ba8c6c8a0b74225abee499d",
                "sha256:ec0f801d9837e76c749675ac6c1eec7a184fa7579cb15d4a2338319d78aa421d",
                "sha256:faf59cf521f0d4458231c9f84497a613467ac2cec2cb157a24d9abb332a7d4ba"
            ],
            "index": "pypi",
            "version": "==0.1.18"
        },
        "pygments": {
            "hashes": [
                "sha256:5ffada19f6203563680669ee7f53b64dabbeb100eb51b61996085e99c03b284a",
                "sha256:e8218dd399a61674745138520d0d4cf2621d7e032439341bc3f647bff125818d"
            ],
            "index": "pypi",
            "version": "==2.3.1"
        },
        "pypiwin32": {
            "hashes": [
                "sha256:67adf399debc1d5d14dffc1ab5acacb800da569754fafdc576b2a039485aa775",
                "sha256:71be40c1fbd28594214ecaecb58e7aa8b708eabfa0125c8a109ebd51edbd776a"
            ],
            "index": "pypi",
            "version": "==223"
        },
        "pywin32": {
            "hashes": [
                "sha256:22e218832a54ed206452c8f3ca9eff07ef327f8e597569a4c2828be5eaa09a77",
                "sha256:32b37abafbfeddb0fe718008d6aada5a71efa2874f068bee1f9e703983dcc49a",
                "sha256:35451edb44162d2f603b5b18bd427bc88fcbc74849eaa7a7e7cfe0f507e5c0c8",
                "sha256:4eda2e1e50faa706ff8226195b84fbcbd542b08c842a9b15e303589f85bfb41c",
                "sha256:5f265d72588806e134c8e1ede8561739071626ea4cc25c12d526aa7b82416ae5",
                "sha256:6852ceac5fdd7a146b570655c37d9eacd520ed1eaeec051ff41c6fc94243d8bf",
                "sha256:6dbc4219fe45ece6a0cc6baafe0105604fdee551b5e876dc475d3955b77190ec",
                "sha256:9bd07746ce7f2198021a9fa187fa80df7b221ec5e4c234ab6f00ea355a3baf99"
            ],
            "version": "==224"
        }
    },
    "develop": {}
}
